<?xml version="1.0" encoding="utf-8"?>
<Project ToolsVersion="4.0" xmlns="http://schemas.microsoft.com/developer/msbuild/2003">
  <ItemGroup>
    <ClCompile Include="main.cpp" />
    <ClCompile Include="pch.cpp">
      <Filter>Precompiled Headers</Filter>
    </ClCompile>
    <ClCompile Include="Lexer\Lexer.cpp">
      <Filter>Lexer</Filter>
    </ClCompile>
    <ClCompile Include="Parser\Parser.cpp">
      <Filter>Parser</Filter>
    </ClCompile>
    <ClCompile Include="Parser\Utils.cpp">
      <Filter>Parser</Filter>
    </ClCompile>
    <ClCompile Include="Runtime.cpp" />
    <ClCompile Include="Resolve\Resolve.cpp" />
    <ClCompile Include="ThirdParty\ButchersToolbox\Console.cpp" />
    <ClCompile Include="ThirdParty\ButchersToolbox\Filesys.cpp" />
    <ClCompile Include="ThirdParty\ButchersToolbox\utf8_string.cpp" />
    <ClCompile Include="ThirdParty\ButchersToolbox\WindowsSpecific.cpp" />
    <ClCompile Include="Compiler.cpp" />
    <ClCompile Include="Resolve\Utils.cpp" />
    <ClCompile Include="Parser\TokenLookup.cpp" />
  </ItemGroup>
  <ItemGroup>
    <Filter Include="Precompiled Headers">
      <UniqueIdentifier>{322804c3-edda-4b49-987e-cc17ed6ad42a}</UniqueIdentifier>
    </Filter>
    <Filter Include="External">
      <UniqueIdentifier>{58feb3ed-4346-4525-b1c5-57e7bd39e10a}</UniqueIdentifier>
    </Filter>
    <Filter Include="Lexer">
      <UniqueIdentifier>{1f00f5a9-55a8-4be4-a416-4e0f36530c38}</UniqueIdentifier>
    </Filter>
    <Filter Include="Parser">
      <UniqueIdentifier>{e29b825e-f4ea-4206-bda8-929e09b65222}</UniqueIdentifier>
    </Filter>
  </ItemGroup>
  <ItemGroup>
    <ClInclude Include="pch.hpp">
      <Filter>Precompiled Headers</Filter>
    </ClInclude>
    <ClInclude Include="Lexer\Lexer.hpp">
      <Filter>Lexer</Filter>
    </ClInclude>
    <ClInclude Include="Parser\Parser.hpp">
      <Filter>Parser</Filter>
    </ClInclude>
    <ClInclude Include="Runtime.hpp" />
    <ClInclude Include="ThirdParty\ButchersToolbox\Console.hpp" />
    <ClInclude Include="ThirdParty\ButchersToolbox\DebugUtils.hpp" />
    <ClInclude Include="ThirdParty\ButchersToolbox\Filesys.hpp" />
    <ClInclude Include="ThirdParty\ButchersToolbox\utf8_string.hpp" />
    <ClInclude Include="ThirdParty\ButchersToolbox\WindowsSpecific.hpp" />
    <ClInclude Include="Compiler.hpp" />
    <ClInclude Include="Resolve\Resolve.hpp" />
    <ClInclude Include="ThirdParty\fmt\args.h" />
    <ClInclude Include="ThirdParty\fmt\chrono.h" />
    <ClInclude Include="ThirdParty\fmt\color.h" />
    <ClInclude Include="ThirdParty\fmt\compile.h" />
    <ClInclude Include="ThirdParty\fmt\core.h" />
    <ClInclude Include="ThirdParty\fmt\format.h" />
    <ClInclude Include="ThirdParty\fmt\format-inl.h" />
    <ClInclude Include="ThirdParty\fmt\locale.h" />
    <ClInclude Include="ThirdParty\fmt\os.h" />
    <ClInclude Include="ThirdParty\fmt\ostream.h" />
    <ClInclude Include="ThirdParty\fmt\printf.h" />
    <ClInclude Include="ThirdParty\fmt\ranges.h" />
    <ClInclude Include="ThirdParty\fmt\xchar.h" />
  </ItemGroup>
  <ItemGroup>
    <Text Include="Code Tests\main.txt" />
    <Text Include="Code Tests\tests.txt" />
  </ItemGroup>
</Project>